
Microsoft Visual Studio Solution File, Format Version 12.00
# Visual Studio 14
VisualStudioVersion = 14.0.25420.1
MinimumVisualStudioVersion = 10.0.40219.1
Project("{159641D6-6404-4A2A-AE62-294DE0FE8301}") = "PLUMXConnector", "PLUMXConnector\PLUMXConnector.dtproj", "{0788906C-7FD6-4BD2-85B6-5248A12D85F8}"
EndProject
Project("{159641D6-6404-4A2A-AE62-294DE0FE8301}") = "NIHExPORTERConnector", "NIHExPORTERConnector\NIHExPORTERConnector.dtproj", "{9D8A316B-FC01-4FB9-AA8F-411E4822719A}"
EndProject
Global
	GlobalSection(SolutionConfigurationPlatforms) = preSolution
		Development|Default = Development|Default
	EndGlobalSection
	GlobalSection(ProjectConfigurationPlatforms) = postSolution
		{0788906C-7FD6-4BD2-85B6-5248A12D85F8}.Development|Default.ActiveCfg = Development
		{0788906C-7FD6-4BD2-85B6-5248A12D85F8}.Development|Default.Build.0 = Development
		{9D8A316B-FC01-4FB9-AA8F-411E4822719A}.Development|Default.ActiveCfg = Development
		{9D8A316B-FC01-4FB9-AA8F-411E4822719A}.Development|Default.Build.0 = Development
	EndGlobalSection
	GlobalSection(SolutionProperties) = preSolution
		HideSolutionNode = FALSE
	EndGlobalSection
EndGlobal
